// !$*UTF8*$!
{
	archiveVersion = 1;
	classes = {
	};
	objectVersion = 46;
	objects = {

/* Begin PBXBuildFile section */
		6E0E70A21EB6758A00BC8FC4 /* ComplexNumber.swift in Sources */ = {isa = PBXBuildFile; fileRef = 6E0E70A11EB6758A00BC8FC4 /* ComplexNumber.swift */; };
		6E0E70A41EB677D100BC8FC4 /* Vector.swift in Sources */ = {isa = PBXBuildFile; fileRef = 6E0E70A31EB677D100BC8FC4 /* Vector.swift */; };
		6E0E70A61EB6790600BC8FC4 /* Matrix.swift in Sources */ = {isa = PBXBuildFile; fileRef = 6E0E70A51EB6790600BC8FC4 /* Matrix.swift */; };
		6E207AC81EB859530031CDE3 /* Linker.swift in Sources */ = {isa = PBXBuildFile; fileRef = 6E207AC71EB859530031CDE3 /* Linker.swift */; };
		6E3AA15B1E88B67B0059E628 /* AppDelegate.swift in Sources */ = {isa = PBXBuildFile; fileRef = 6E3AA15A1E88B67B0059E628 /* AppDelegate.swift */; };
		6E3AA15D1E88B67B0059E628 /* ViewController.swift in Sources */ = {isa = PBXBuildFile; fileRef = 6E3AA15C1E88B67B0059E628 /* ViewController.swift */; };
		6E3AA1601E88B67B0059E628 /* Main.storyboard in Resources */ = {isa = PBXBuildFile; fileRef = 6E3AA15E1E88B67B0059E628 /* Main.storyboard */; };
		6E3AA1621E88B67B0059E628 /* Assets.xcassets in Resources */ = {isa = PBXBuildFile; fileRef = 6E3AA1611E88B67B0059E628 /* Assets.xcassets */; };
		6E3AA1651E88B67B0059E628 /* LaunchScreen.storyboard in Resources */ = {isa = PBXBuildFile; fileRef = 6E3AA1631E88B67B0059E628 /* LaunchScreen.storyboard */; };
		6E3AA16D1E88B69D0059E628 /* CircuitComponent.swift in Sources */ = {isa = PBXBuildFile; fileRef = 6E3AA16C1E88B69D0059E628 /* CircuitComponent.swift */; };
		6E581A861EB8AD5C00525382 /* Quantum.swift in Sources */ = {isa = PBXBuildFile; fileRef = 6E581A851EB8AD5C00525382 /* Quantum.swift */; };
		6E581A881EB8FBE900525382 /* GateNode.swift in Sources */ = {isa = PBXBuildFile; fileRef = 6E581A871EB8FBE900525382 /* GateNode.swift */; };
		6E704BE21E8DA4E800A1953C /* CircuitToolbar.swift in Sources */ = {isa = PBXBuildFile; fileRef = 6E704BE11E8DA4E800A1953C /* CircuitToolbar.swift */; };
		6E704BE41E8DA62A00A1953C /* ComponentList.plist in Resources */ = {isa = PBXBuildFile; fileRef = 6E704BE31E8DA62A00A1953C /* ComponentList.plist */; };
		6ED7BC4F1EB7CE08009CA442 /* CircuitLink.swift in Sources */ = {isa = PBXBuildFile; fileRef = 6ED7BC4E1EB7CE08009CA442 /* CircuitLink.swift */; };
		6EEADFD21EB805090074023B /* Convenience.swift in Sources */ = {isa = PBXBuildFile; fileRef = 6EEADFD11EB805090074023B /* Convenience.swift */; };
/* End PBXBuildFile section */

/* Begin PBXFileReference section */
		6E0E70A11EB6758A00BC8FC4 /* ComplexNumber.swift */ = {isa = PBXFileReference; fileEncoding = 4; lastKnownFileType = sourcecode.swift; path = ComplexNumber.swift; sourceTree = "<group>"; };
		6E0E70A31EB677D100BC8FC4 /* Vector.swift */ = {isa = PBXFileReference; fileEncoding = 4; lastKnownFileType = sourcecode.swift; path = Vector.swift; sourceTree = "<group>"; };
		6E0E70A51EB6790600BC8FC4 /* Matrix.swift */ = {isa = PBXFileReference; fileEncoding = 4; lastKnownFileType = sourcecode.swift; path = Matrix.swift; sourceTree = "<group>"; };
		6E207AC71EB859530031CDE3 /* Linker.swift */ = {isa = PBXFileReference; fileEncoding = 4; lastKnownFileType = sourcecode.swift; path = Linker.swift; sourceTree = "<group>"; };
		6E3AA1571E88B67B0059E628 /* Qubits.app */ = {isa = PBXFileReference; explicitFileType = wrapper.application; includeInIndex = 0; path = Qubits.app; sourceTree = BUILT_PRODUCTS_DIR; };
		6E3AA15A1E88B67B0059E628 /* AppDelegate.swift */ = {isa = PBXFileReference; lastKnownFileType = sourcecode.swift; path = AppDelegate.swift; sourceTree = "<group>"; };
		6E3AA15C1E88B67B0059E628 /* ViewController.swift */ = {isa = PBXFileReference; lastKnownFileType = sourcecode.swift; path = ViewController.swift; sourceTree = "<group>"; };
		6E3AA15F1E88B67B0059E628 /* Base */ = {isa = PBXFileReference; lastKnownFileType = file.storyboard; name = Base; path = Base.lproj/Main.storyboard; sourceTree = "<group>"; };
		6E3AA1611E88B67B0059E628 /* Assets.xcassets */ = {isa = PBXFileReference; lastKnownFileType = folder.assetcatalog; path = Assets.xcassets; sourceTree = "<group>"; };
		6E3AA1641E88B67B0059E628 /* Base */ = {isa = PBXFileReference; lastKnownFileType = file.storyboard; name = Base; path = Base.lproj/LaunchScreen.storyboard; sourceTree = "<group>"; };
		6E3AA1661E88B67B0059E628 /* Info.plist */ = {isa = PBXFileReference; lastKnownFileType = text.plist.xml; path = Info.plist; sourceTree = "<group>"; };
		6E3AA16C1E88B69D0059E628 /* CircuitComponent.swift */ = {isa = PBXFileReference; fileEncoding = 4; lastKnownFileType = sourcecode.swift; path = CircuitComponent.swift; sourceTree = "<group>"; };
		6E581A851EB8AD5C00525382 /* Quantum.swift */ = {isa = PBXFileReference; fileEncoding = 4; lastKnownFileType = sourcecode.swift; path = Quantum.swift; sourceTree = "<group>"; };
		6E581A871EB8FBE900525382 /* GateNode.swift */ = {isa = PBXFileReference; fileEncoding = 4; lastKnownFileType = sourcecode.swift; path = GateNode.swift; sourceTree = "<group>"; };
		6E704BE11E8DA4E800A1953C /* CircuitToolbar.swift */ = {isa = PBXFileReference; fileEncoding = 4; lastKnownFileType = sourcecode.swift; path = CircuitToolbar.swift; sourceTree = "<group>"; };
		6E704BE31E8DA62A00A1953C /* ComponentList.plist */ = {isa = PBXFileReference; fileEncoding = 4; lastKnownFileType = text.plist.xml; path = ComponentList.plist; sourceTree = "<group>"; };
		6ED7BC4E1EB7CE08009CA442 /* CircuitLink.swift */ = {isa = PBXFileReference; fileEncoding = 4; lastKnownFileType = sourcecode.swift; path = CircuitLink.swift; sourceTree = "<group>"; };
		6EEADFD11EB805090074023B /* Convenience.swift */ = {isa = PBXFileReference; fileEncoding = 4; lastKnownFileType = sourcecode.swift; path = Convenience.swift; sourceTree = "<group>"; };
/* End PBXFileReference section */

/* Begin PBXFrameworksBuildPhase section */
		6E3AA1541E88B67B0059E628 /* Frameworks */ = {
			isa = PBXFrameworksBuildPhase;
			buildActionMask = 2147483647;
			files = (
			);
			runOnlyForDeploymentPostprocessing = 0;
		};
/* End PBXFrameworksBuildPhase section */

/* Begin PBXGroup section */
		6E0E70A01EB6756900BC8FC4 /* Math */ = {
			isa = PBXGroup;
			children = (
				6E0E70A11EB6758A00BC8FC4 /* ComplexNumber.swift */,
				6E0E70A31EB677D100BC8FC4 /* Vector.swift */,
				6E0E70A51EB6790600BC8FC4 /* Matrix.swift */,
			);
			name = Math;
			sourceTree = "<group>";
		};
		6E3AA14E1E88B67B0059E628 = {
			isa = PBXGroup;
			children = (
				6E3AA1591E88B67B0059E628 /* Qubits */,
				6E3AA1581E88B67B0059E628 /* Products */,
			);
			sourceTree = "<group>";
		};
		6E3AA1581E88B67B0059E628 /* Products */ = {
			isa = PBXGroup;
			children = (
				6E3AA1571E88B67B0059E628 /* Qubits.app */,
			);
			name = Products;
			sourceTree = "<group>";
		};
		6E3AA1591E88B67B0059E628 /* Qubits */ = {
			isa = PBXGroup;
			children = (
				6E0E70A01EB6756900BC8FC4 /* Math */,
				6E3AA16E1E88B6A70059E628 /* Circuit GUI */,
				6E3AA15A1E88B67B0059E628 /* AppDelegate.swift */,
				6E3AA15C1E88B67B0059E628 /* ViewController.swift */,
				6E3AA15E1E88B67B0059E628 /* Main.storyboard */,
				6E3AA1611E88B67B0059E628 /* Assets.xcassets */,
				6E3AA1631E88B67B0059E628 /* LaunchScreen.storyboard */,
				6E3AA1661E88B67B0059E628 /* Info.plist */,
			);
			path = Qubits;
			sourceTree = "<group>";
		};
		6E3AA16E1E88B6A70059E628 /* Circuit GUI */ = {
			isa = PBXGroup;
			children = (
				6E581A871EB8FBE900525382 /* GateNode.swift */,
				6EEADFD11EB805090074023B /* Convenience.swift */,
				6ED7BC4E1EB7CE08009CA442 /* CircuitLink.swift */,
				6E3AA16C1E88B69D0059E628 /* CircuitComponent.swift */,
				6E704BE11E8DA4E800A1953C /* CircuitToolbar.swift */,
				6E704BE31E8DA62A00A1953C /* ComponentList.plist */,
				6E207AC71EB859530031CDE3 /* Linker.swift */,
				6E581A851EB8AD5C00525382 /* Quantum.swift */,
			);
			name = "Circuit GUI";
			sourceTree = "<group>";
		};
/* End PBXGroup section */

/* Begin PBXNativeTarget section */
		6E3AA1561E88B67B0059E628 /* Qubits */ = {
			isa = PBXNativeTarget;
			buildConfigurationList = 6E3AA1691E88B67B0059E628 /* Build configuration list for PBXNativeTarget "Qubits" */;
			buildPhases = (
				6E3AA1531E88B67B0059E628 /* Sources */,
				6E3AA1541E88B67B0059E628 /* Frameworks */,
				6E3AA1551E88B67B0059E628 /* Resources */,
			);
			buildRules = (
			);
			dependencies = (
			);
			name = Qubits;
			productName = Qubits;
			productReference = 6E3AA1571E88B67B0059E628 /* Qubits.app */;
			productType = "com.apple.product-type.application";
		};
/* End PBXNativeTarget section */

/* Begin PBXProject section */
		6E3AA14F1E88B67B0059E628 /* Project object */ = {
			isa = PBXProject;
			attributes = {
				LastSwiftUpdateCheck = 0820;
				LastUpgradeCheck = 0820;
				ORGANIZATIONNAME = "Marc Davis";
				TargetAttributes = {
					6E3AA1561E88B67B0059E628 = {
						CreatedOnToolsVersion = 8.2.1;
						DevelopmentTeam = 228X6FPGAD;
						ProvisioningStyle = Automatic;
					};
				};
			};
			buildConfigurationList = 6E3AA1521E88B67B0059E628 /* Build configuration list for PBXProject "Qubits" */;
			compatibilityVersion = "Xcode 3.2";
			developmentRegion = English;
			hasScannedForEncodings = 0;
			knownRegions = (
				en,
				Base,
			);
			mainGroup = 6E3AA14E1E88B67B0059E628;
			productRefGroup = 6E3AA1581E88B67B0059E628 /* Products */;
			projectDirPath = "";
			projectRoot = "";
			targets = (
				6E3AA1561E88B67B0059E628 /* Qubits */,
			);
		};
/* End PBXProject section */

/* Begin PBXResourcesBuildPhase section */
		6E3AA1551E88B67B0059E628 /* Resources */ = {
			isa = PBXResourcesBuildPhase;
			buildActionMask = 2147483647;
			files = (
				6E704BE41E8DA62A00A1953C /* ComponentList.plist in Resources */,
				6E3AA1651E88B67B0059E628 /* LaunchScreen.storyboard in Resources */,
				6E3AA1621E88B67B0059E628 /* Assets.xcassets in Resources */,
				6E3AA1601E88B67B0059E628 /* Main.storyboard in Resources */,
			);
			runOnlyForDeploymentPostprocessing = 0;
		};
/* End PBXResourcesBuildPhase section */

/* Begin PBXSourcesBuildPhase section */
		6E3AA1531E88B67B0059E628 /* Sources */ = {
			isa = PBXSourcesBuildPhase;
			buildActionMask = 2147483647;
			files = (
				6EEADFD21EB805090074023B /* Convenience.swift in Sources */,
				6E0E70A21EB6758A00BC8FC4 /* ComplexNumber.swift in Sources */,
				6E207AC81EB859530031CDE3 /* Linker.swift in Sources */,
				6E0E70A41EB677D100BC8FC4 /* Vector.swift in Sources */,
				6E581A881EB8FBE900525382 /* GateNode.swift in Sources */,
				6E581A861EB8AD5C00525382 /* Quantum.swift in Sources */,
				6E3AA15D1E88B67B0059E628 /* ViewController.swift in Sources */,
				6E0E70A61EB6790600BC8FC4 /* Matrix.swift in Sources */,
				6E704BE21E8DA4E800A1953C /* CircuitToolbar.swift in Sources */,
				6E3AA15B1E88B67B0059E628 /* AppDelegate.swift in Sources */,
				6ED7BC4F1EB7CE08009CA442 /* CircuitLink.swift in Sources */,
				6E3AA16D1E88B69D0059E628 /* CircuitComponent.swift in Sources */,
			);
			runOnlyForDeploymentPostprocessing = 0;
		};
/* End PBXSourcesBuildPhase section */

/* Begin PBXVariantGroup section */
		6E3AA15E1E88B67B0059E628 /* Main.storyboard */ = {
			isa = PBXVariantGroup;
			children = (
				6E3AA15F1E88B67B0059E628 /* Base */,
			);
			name = Main.storyboard;
			sourceTree = "<group>";
		};
		6E3AA1631E88B67B0059E628 /* LaunchScreen.storyboard */ = {
			isa = PBXVariantGroup;
			children = (
				6E3AA1641E88B67B0059E628 /* Base */,
			);
			name = LaunchScreen.storyboard;
			sourceTree = "<group>";
		};
/* End PBXVariantGroup section */

/* Begin XCBuildConfiguration section */
		6E3AA1671E88B67B0059E628 /* Debug */ = {
			isa = XCBuildConfiguration;
			buildSettings = {
				ALWAYS_SEARCH_USER_PATHS = NO;
				CLANG_ANALYZER_NONNULL = YES;
				CLANG_CXX_LANGUAGE_STANDARD = "gnu++0x";
				CLANG_CXX_LIBRARY = "libc++";
				CLANG_ENABLE_MODULES = YES;
				CLANG_ENABLE_OBJC_ARC = YES;
				CLANG_WARN_BOOL_CONVERSION = YES;
				CLANG_WARN_CONSTANT_CONVERSION = YES;
				CLANG_WARN_DIRECT_OBJC_ISA_USAGE = YES_ERROR;
				CLANG_WARN_DOCUMENTATION_COMMENTS = YES;
				CLANG_WARN_EMPTY_BODY = YES;
				CLANG_WARN_ENUM_CONVERSION = YES;
				CLANG_WARN_INFINITE_RECURSION = YES;
				CLANG_WARN_INT_CONVERSION = YES;
				CLANG_WARN_OBJC_ROOT_CLASS = YES_ERROR;
				CLANG_WARN_SUSPICIOUS_MOVE = YES;
				CLANG_WARN_UNREACHABLE_CODE = YES;
				CLANG_WARN__DUPLICATE_METHOD_MATCH = YES;
				"CODE_SIGN_IDENTITY[sdk=iphoneos*]" = "iPhone Developer";
				COPY_PHASE_STRIP = NO;
				DEBUG_INFORMATION_FORMAT = dwarf;
				ENABLE_STRICT_OBJC_MSGSEND = YES;
				ENABLE_TESTABILITY = YES;
				GCC_C_LANGUAGE_STANDARD = gnu99;
				GCC_DYNAMIC_NO_PIC = NO;
				GCC_NO_COMMON_BLOCKS = YES;
				GCC_OPTIMIZATION_LEVEL = 0;
				GCC_PREPROCESSOR_DEFINITIONS = (
					"DEBUG=1",
					"$(inherited)",
				);
				GCC_WARN_64_TO_32_BIT_CONVERSION = YES;
				GCC_WARN_ABOUT_RETURN_TYPE = YES_ERROR;
				GCC_WARN_UNDECLARED_SELECTOR = YES;
				GCC_WARN_UNINITIALIZED_AUTOS = YES_AGGRESSIVE;
				GCC_WARN_UNUSED_FUNCTION = YES;
				GCC_WARN_UNUSED_VARIABLE = YES;
				IPHONEOS_DEPLOYMENT_TARGET = 10.2;
				MTL_ENABLE_DEBUG_INFO = YES;
				ONLY_ACTIVE_ARCH = YES;
				SDKROOT = iphoneos;
				SWIFT_ACTIVE_COMPILATION_CONDITIONS = DEBUG;
				SWIFT_OPTIMIZATION_LEVEL = "-Onone";
				TARGETED_DEVICE_FAMILY = "1,2";
			};
			name = Debug;
		};
		6E3AA1681E88B67B0059E628 /* Release */ = {
			isa = XCBuildConfiguration;
			buildSettings = {
				ALWAYS_SEARCH_USER_PATHS = NO;
				CLANG_ANALYZER_NONNULL = YES;
				CLANG_CXX_LANGUAGE_STANDARD = "gnu++0x";
				CLANG_CXX_LIBRARY = "libc++";
				CLANG_ENABLE_MODULES = YES;
				CLANG_ENABLE_OBJC_ARC = YES;
				CLANG_WARN_BOOL_CONVERSION = YES;
				CLANG_WARN_CONSTANT_CONVERSION = YES;
				CLANG_WARN_DIRECT_OBJC_ISA_USAGE = YES_ERROR;
				CLANG_WARN_DOCUMENTATION_COMMENTS = YES;
				CLANG_WARN_EMPTY_BODY = YES;
				CLANG_WARN_ENUM_CONVERSION = YES;
				CLANG_WARN_INFINITE_RECURSION = YES;
				CLANG_WARN_INT_CONVERSION = YES;
				CLANG_WARN_OBJC_ROOT_CLASS = YES_ERROR;
				CLANG_WARN_SUSPICIOUS_MOVE = YES;
				CLANG_WARN_UNREACHABLE_CODE = YES;
				CLANG_WARN__DUPLICATE_METHOD_MATCH = YES;
				"CODE_SIGN_IDENTITY[sdk=iphoneos*]" = "iPhone Developer";
				COPY_PHASE_STRIP = NO;
				DEBUG_INFORMATION_FORMAT = "dwarf-with-dsym";
				ENABLE_NS_ASSERTIONS = NO;
				ENABLE_STRICT_OBJC_MSGSEND = YES;
				GCC_C_LANGUAGE_STANDARD = gnu99;
				GCC_NO_COMMON_BLOCKS = YES;
				GCC_WARN_64_TO_32_BIT_CONVERSION = YES;
				GCC_WARN_ABOUT_RETURN_TYPE = YES_ERROR;
				GCC_WARN_UNDECLARED_SELECTOR = YES;
				GCC_WARN_UNINITIALIZED_AUTOS = YES_AGGRESSIVE;
				GCC_WARN_UNUSED_FUNCTION = YES;
				GCC_WARN_UNUSED_VARIABLE = YES;
				IPHONEOS_DEPLOYMENT_TARGET = 10.2;
				MTL_ENABLE_DEBUG_INFO = NO;
				SDKROOT = iphoneos;
				SWIFT_OPTIMIZATION_LEVEL = "-Owholemodule";
				TARGETED_DEVICE_FAMILY = "1,2";
				VALIDATE_PRODUCT = YES;
			};
			name = Release;
		};
		6E3AA16A1E88B67B0059E628 /* Debug */ = {
			isa = XCBuildConfiguration;
			buildSettings = {
				ASSETCATALOG_COMPILER_APPICON_NAME = AppIcon;
				DEVELOPMENT_TEAM = 228X6FPGAD;
				INFOPLIST_FILE = Qubits/Info.plist;
				LD_RUNPATH_SEARCH_PATHS = "$(inherited) @executable_path/Frameworks";
				PRODUCT_BUNDLE_IDENTIFIER = marc.davis.Qubits;
				PRODUCT_NAME = "$(TARGET_NAME)";
				SWIFT_VERSION = 3.0;
			};
			name = Debug;
		};
		6E3AA16B1E88B67B0059E628 /* Release */ = {
			isa = XCBuildConfiguration;
			buildSettings = {
				ASSETCATALOG_COMPILER_APPICON_NAME = AppIcon;
				DEVELOPMENT_TEAM = 228X6FPGAD;
				INFOPLIST_FILE = Qubits/Info.plist;
				LD_RUNPATH_SEARCH_PATHS = "$(inherited) @executable_path/Frameworks";
				PRODUCT_BUNDLE_IDENTIFIER = marc.davis.Qubits;
				PRODUCT_NAME = "$(TARGET_NAME)";
				SWIFT_VERSION = 3.0;
			};
			name = Release;
		};
/* End XCBuildConfiguration section */

/* Begin XCConfigurationList section */
		6E3AA1521E88B67B0059E628 /* Build configuration list for PBXProject "Qubits" */ = {
			isa = XCConfigurationList;
			buildConfigurations = (
				6E3AA1671E88B67B0059E628 /* Debug */,
				6E3AA1681E88B67B0059E628 /* Release */,
			);
			defaultConfigurationIsVisible = 0;
			defaultConfigurationName = Release;
		};
		6E3AA1691E88B67B0059E628 /* Build configuration list for PBXNativeTarget "Qubits" */ = {
			isa = XCConfigurationList;
			buildConfigurations = (
				6E3AA16A1E88B67B0059E628 /* Debug */,
				6E3AA16B1E88B67B0059E628 /* Release */,
			);
			defaultConfigurationIsVisible = 0;
			defaultConfigurationName = Release;
		};
/* End XCConfigurationList section */
	};
	rootObject = 6E3AA14F1E88B67B0059E628 /* Project object */;
}
